
Microsoft Visual Studio Solution File, Format Version 12.00
# Visual Studio Version 17
VisualStudioVersion = 17.3.32929.385
MinimumVisualStudioVersion = 10.0.40219.1
Project("{FAE04EC0-301F-11D3-BF4B-00C04F79EFBC}") = "Projet_jeu", "Projet_jeu\Projet_jeu.csproj", "{77510852-D810-4CD8-A752-1DE017755C12}"
EndProject
Global
	GlobalSection(SolutionConfigurationPlatforms) = preSolution
		Debug|Any CPU = Debug|Any CPU
		Release|Any CPU = Release|Any CPU
	EndGlobalSection
	GlobalSection(ProjectConfigurationPlatforms) = postSolution
		{77510852-D810-4CD8-A752-1DE017755C12}.Debug|Any CPU.ActiveCfg = Debug|Any CPU
		{77510852-D810-4CD8-A752-1DE017755C12}.Debug|Any CPU.Build.0 = Debug|Any CPU
		{77510852-D810-4CD8-A752-1DE017755C12}.Release|Any CPU.ActiveCfg = Release|Any CPU
		{77510852-D810-4CD8-A752-1DE017755C12}.Release|Any CPU.Build.0 = Release|Any CPU
	EndGlobalSection
	GlobalSection(SolutionProperties) = preSolution
		HideSolutionNode = FALSE
	EndGlobalSection
	GlobalSection(ExtensibilityGlobals) = postSolution
		SolutionGuid = {9763ED82-CC6C-41DC-929B-3DD7A9833B2C}
	EndGlobalSection
EndGlobal
